// !$*UTF8*$!
{
	archiveVersion = 1;
	classes = {
	};
	objectVersion = 56;
	objects = {

/* Begin PBXBuildFile section */
		085BC5DD298929A70029F2C4 /* AppDelegate.swift in Sources */ = {isa = PBXBuildFile; fileRef = 085BC5DC298929A70029F2C4 /* AppDelegate.swift */; };
		085BC5DF298929A70029F2C4 /* SceneDelegate.swift in Sources */ = {isa = PBXBuildFile; fileRef = 085BC5DE298929A70029F2C4 /* SceneDelegate.swift */; };
		085BC5E1298929A70029F2C4 /* CategoriesViewController.swift in Sources */ = {isa = PBXBuildFile; fileRef = 085BC5E0298929A70029F2C4 /* CategoriesViewController.swift */; };
		085BC5E4298929A70029F2C4 /* Main.storyboard in Resources */ = {isa = PBXBuildFile; fileRef = 085BC5E2298929A70029F2C4 /* Main.storyboard */; };
		085BC5E7298929A70029F2C4 /* bdd_ios_project.xcdatamodeld in Sources */ = {isa = PBXBuildFile; fileRef = 085BC5E5298929A70029F2C4 /* bdd_ios_project.xcdatamodeld */; };
		085BC5E9298929A80029F2C4 /* Assets.xcassets in Resources */ = {isa = PBXBuildFile; fileRef = 085BC5E8298929A80029F2C4 /* Assets.xcassets */; };
		085BC5EC298929A80029F2C4 /* LaunchScreen.storyboard in Resources */ = {isa = PBXBuildFile; fileRef = 085BC5EA298929A80029F2C4 /* LaunchScreen.storyboard */; };
		085BC5F429894FEA0029F2C4 /* PlaceViewController.swift in Sources */ = {isa = PBXBuildFile; fileRef = 085BC5F329894FEA0029F2C4 /* PlaceViewController.swift */; };
		085BC5F62989643B0029F2C4 /* PlaceCellView.swift in Sources */ = {isa = PBXBuildFile; fileRef = 085BC5F52989643B0029F2C4 /* PlaceCellView.swift */; };
		085BC5F8298974360029F2C4 /* AddPlaceViewController.swift in Sources */ = {isa = PBXBuildFile; fileRef = 085BC5F7298974350029F2C4 /* AddPlaceViewController.swift */; };
/* End PBXBuildFile section */

/* Begin PBXFileReference section */
		085BC5D9298929A70029F2C4 /* bdd ios project.app */ = {isa = PBXFileReference; explicitFileType = wrapper.application; includeInIndex = 0; path = "bdd ios project.app"; sourceTree = BUILT_PRODUCTS_DIR; };
		085BC5DC298929A70029F2C4 /* AppDelegate.swift */ = {isa = PBXFileReference; lastKnownFileType = sourcecode.swift; path = AppDelegate.swift; sourceTree = "<group>"; };
		085BC5DE298929A70029F2C4 /* SceneDelegate.swift */ = {isa = PBXFileReference; lastKnownFileType = sourcecode.swift; path = SceneDelegate.swift; sourceTree = "<group>"; };
		085BC5E0298929A70029F2C4 /* CategoriesViewController.swift */ = {isa = PBXFileReference; lastKnownFileType = sourcecode.swift; path = CategoriesViewController.swift; sourceTree = "<group>"; };
		085BC5E3298929A70029F2C4 /* Base */ = {isa = PBXFileReference; lastKnownFileType = file.storyboard; name = Base; path = Base.lproj/Main.storyboard; sourceTree = "<group>"; };
		085BC5E6298929A70029F2C4 /* bdd_ios_project.xcdatamodel */ = {isa = PBXFileReference; lastKnownFileType = wrapper.xcdatamodel; path = bdd_ios_project.xcdatamodel; sourceTree = "<group>"; };
		085BC5E8298929A80029F2C4 /* Assets.xcassets */ = {isa = PBXFileReference; lastKnownFileType = folder.assetcatalog; path = Assets.xcassets; sourceTree = "<group>"; };
		085BC5EB298929A80029F2C4 /* Base */ = {isa = PBXFileReference; lastKnownFileType = file.storyboard; name = Base; path = Base.lproj/LaunchScreen.storyboard; sourceTree = "<group>"; };
		085BC5ED298929A80029F2C4 /* Info.plist */ = {isa = PBXFileReference; lastKnownFileType = text.plist.xml; path = Info.plist; sourceTree = "<group>"; };
		085BC5F329894FEA0029F2C4 /* PlaceViewController.swift */ = {isa = PBXFileReference; lastKnownFileType = sourcecode.swift; path = PlaceViewController.swift; sourceTree = "<group>"; };
		085BC5F52989643B0029F2C4 /* PlaceCellView.swift */ = {isa = PBXFileReference; lastKnownFileType = sourcecode.swift; path = PlaceCellView.swift; sourceTree = "<group>"; };
		085BC5F7298974350029F2C4 /* AddPlaceViewController.swift */ = {isa = PBXFileReference; lastKnownFileType = sourcecode.swift; path = AddPlaceViewController.swift; sourceTree = "<group>"; };
/* End PBXFileReference section */

/* Begin PBXFrameworksBuildPhase section */
		085BC5D6298929A70029F2C4 /* Frameworks */ = {
			isa = PBXFrameworksBuildPhase;
			buildActionMask = 2147483647;
			files = (
			);
			runOnlyForDeploymentPostprocessing = 0;
		};
/* End PBXFrameworksBuildPhase section */

/* Begin PBXGroup section */
		085BC5D0298929A70029F2C4 = {
			isa = PBXGroup;
			children = (
				085BC5DB298929A70029F2C4 /* bdd ios project */,
				085BC5DA298929A70029F2C4 /* Products */,
			);
			sourceTree = "<group>";
		};
		085BC5DA298929A70029F2C4 /* Products */ = {
			isa = PBXGroup;
			children = (
				085BC5D9298929A70029F2C4 /* bdd ios project.app */,
			);
			name = Products;
			sourceTree = "<group>";
		};
		085BC5DB298929A70029F2C4 /* bdd ios project */ = {
			isa = PBXGroup;
			children = (
				085BC5DC298929A70029F2C4 /* AppDelegate.swift */,
				085BC5DE298929A70029F2C4 /* SceneDelegate.swift */,
				085BC5E0298929A70029F2C4 /* CategoriesViewController.swift */,
				085BC5E2298929A70029F2C4 /* Main.storyboard */,
				085BC5E8298929A80029F2C4 /* Assets.xcassets */,
				085BC5EA298929A80029F2C4 /* LaunchScreen.storyboard */,
				085BC5ED298929A80029F2C4 /* Info.plist */,
				085BC5E5298929A70029F2C4 /* bdd_ios_project.xcdatamodeld */,
				085BC5F329894FEA0029F2C4 /* PlaceViewController.swift */,
				085BC5F52989643B0029F2C4 /* PlaceCellView.swift */,
				085BC5F7298974350029F2C4 /* AddPlaceViewController.swift */,
			);
			path = "bdd ios project";
			sourceTree = "<group>";
		};
/* End PBXGroup section */

/* Begin PBXNativeTarget section */
		085BC5D8298929A70029F2C4 /* bdd ios project */ = {
			isa = PBXNativeTarget;
			buildConfigurationList = 085BC5F0298929A80029F2C4 /* Build configuration list for PBXNativeTarget "bdd ios project" */;
			buildPhases = (
				085BC5D5298929A70029F2C4 /* Sources */,
				085BC5D6298929A70029F2C4 /* Frameworks */,
				085BC5D7298929A70029F2C4 /* Resources */,
			);
			buildRules = (
			);
			dependencies = (
			);
			name = "bdd ios project";
			productName = "bdd ios project";
			productReference = 085BC5D9298929A70029F2C4 /* bdd ios project.app */;
			productType = "com.apple.product-type.application";
		};
/* End PBXNativeTarget section */

/* Begin PBXProject section */
		085BC5D1298929A70029F2C4 /* Project object */ = {
			isa = PBXProject;
			attributes = {
				BuildIndependentTargetsInParallel = 1;
				LastSwiftUpdateCheck = 1420;
				LastUpgradeCheck = 1420;
				TargetAttributes = {
					085BC5D8298929A70029F2C4 = {
						CreatedOnToolsVersion = 14.2;
					};
				};
			};
			buildConfigurationList = 085BC5D4298929A70029F2C4 /* Build configuration list for PBXProject "bdd ios project" */;
			compatibilityVersion = "Xcode 14.0";
			developmentRegion = en;
			hasScannedForEncodings = 0;
			knownRegions = (
				en,
				Base,
			);
			mainGroup = 085BC5D0298929A70029F2C4;
			productRefGroup = 085BC5DA298929A70029F2C4 /* Products */;
			projectDirPath = "";
			projectRoot = "";
			targets = (
				085BC5D8298929A70029F2C4 /* bdd ios project */,
			);
		};
/* End PBXProject section */

/* Begin PBXResourcesBuildPhase section */
		085BC5D7298929A70029F2C4 /* Resources */ = {
			isa = PBXResourcesBuildPhase;
			buildActionMask = 2147483647;
			files = (
				085BC5EC298929A80029F2C4 /* LaunchScreen.storyboard in Resources */,
				085BC5E9298929A80029F2C4 /* Assets.xcassets in Resources */,
				085BC5E4298929A70029F2C4 /* Main.storyboard in Resources */,
			);
			runOnlyForDeploymentPostprocessing = 0;
		};
/* End PBXResourcesBuildPhase section */

/* Begin PBXSourcesBuildPhase section */
		085BC5D5298929A70029F2C4 /* Sources */ = {
			isa = PBXSourcesBuildPhase;
			buildActionMask = 2147483647;
			files = (
				085BC5E1298929A70029F2C4 /* CategoriesViewController.swift in Sources */,
				085BC5F62989643B0029F2C4 /* PlaceCellView.swift in Sources */,
				085BC5F8298974360029F2C4 /* AddPlaceViewController.swift in Sources */,
				085BC5DD298929A70029F2C4 /* AppDelegate.swift in Sources */,
				085BC5F429894FEA0029F2C4 /* PlaceViewController.swift in Sources */,
				085BC5E7298929A70029F2C4 /* bdd_ios_project.xcdatamodeld in Sources */,
				085BC5DF298929A70029F2C4 /* SceneDelegate.swift in Sources */,
			);
			runOnlyForDeploymentPostprocessing = 0;
		};
/* End PBXSourcesBuildPhase section */

/* Begin PBXVariantGroup section */
		085BC5E2298929A70029F2C4 /* Main.storyboard */ = {
			isa = PBXVariantGroup;
			children = (
				085BC5E3298929A70029F2C4 /* Base */,
			);
			name = Main.storyboard;
			sourceTree = "<group>";
		};
		085BC5EA298929A80029F2C4 /* LaunchScreen.storyboard */ = {
			isa = PBXVariantGroup;
			children = (
				085BC5EB298929A80029F2C4 /* Base */,
			);
			name = LaunchScreen.storyboard;
			sourceTree = "<group>";
		};
/* End PBXVariantGroup section */

/* Begin XCBuildConfiguration section */
		085BC5EE298929A80029F2C4 /* Debug */ = {
			isa = XCBuildConfiguration;
			buildSettings = {
				ALWAYS_SEARCH_USER_PATHS = NO;
				CLANG_ANALYZER_NONNULL = YES;
				CLANG_ANALYZER_NUMBER_OBJECT_CONVERSION = YES_AGGRESSIVE;
				CLANG_CXX_LANGUAGE_STANDARD = "gnu++20";
				CLANG_ENABLE_MODULES = YES;
				CLANG_ENABLE_OBJC_ARC = YES;
				CLANG_ENABLE_OBJC_WEAK = YES;
				CLANG_WARN_BLOCK_CAPTURE_AUTORELEASING = YES;
				CLANG_WARN_BOOL_CONVERSION = YES;
				CLANG_WARN_COMMA = YES;
				CLANG_WARN_CONSTANT_CONVERSION = YES;
				CLANG_WARN_DEPRECATED_OBJC_IMPLEMENTATIONS = YES;
				CLANG_WARN_DIRECT_OBJC_ISA_USAGE = YES_ERROR;
				CLANG_WARN_DOCUMENTATION_COMMENTS = YES;
				CLANG_WARN_EMPTY_BODY = YES;
				CLANG_WARN_ENUM_CONVERSION = YES;
				CLANG_WARN_INFINITE_RECURSION = YES;
				CLANG_WARN_INT_CONVERSION = YES;
				CLANG_WARN_NON_LITERAL_NULL_CONVERSION = YES;
				CLANG_WARN_OBJC_IMPLICIT_RETAIN_SELF = YES;
				CLANG_WARN_OBJC_LITERAL_CONVERSION = YES;
				CLANG_WARN_OBJC_ROOT_CLASS = YES_ERROR;
				CLANG_WARN_QUOTED_INCLUDE_IN_FRAMEWORK_HEADER = YES;
				CLANG_WARN_RANGE_LOOP_ANALYSIS = YES;
				CLANG_WARN_STRICT_PROTOTYPES = YES;
				CLANG_WARN_SUSPICIOUS_MOVE = YES;
				CLANG_WARN_UNGUARDED_AVAILABILITY = YES_AGGRESSIVE;
				CLANG_WARN_UNREACHABLE_CODE = YES;
				CLANG_WARN__DUPLICATE_METHOD_MATCH = YES;
				COPY_PHASE_STRIP = NO;
				DEBUG_INFORMATION_FORMAT = dwarf;
				ENABLE_STRICT_OBJC_MSGSEND = YES;
				ENABLE_TESTABILITY = YES;
				GCC_C_LANGUAGE_STANDARD = gnu11;
				GCC_DYNAMIC_NO_PIC = NO;
				GCC_NO_COMMON_BLOCKS = YES;
				GCC_OPTIMIZATION_LEVEL = 0;
				GCC_PREPROCESSOR_DEFINITIONS = (
					"DEBUG=1",
					"$(inherited)",
				);
				GCC_WARN_64_TO_32_BIT_CONVERSION = YES;
				GCC_WARN_ABOUT_RETURN_TYPE = YES_ERROR;
				GCC_WARN_UNDECLARED_SELECTOR = YES;
				GCC_WARN_UNINITIALIZED_AUTOS = YES_AGGRESSIVE;
				GCC_WARN_UNUSED_FUNCTION = YES;
				GCC_WARN_UNUSED_VARIABLE = YES;
				IPHONEOS_DEPLOYMENT_TARGET = 16.2;
				MTL_ENABLE_DEBUG_INFO = INCLUDE_SOURCE;
				MTL_FAST_MATH = YES;
				ONLY_ACTIVE_ARCH = YES;
				SDKROOT = iphoneos;
				SWIFT_ACTIVE_COMPILATION_CONDITIONS = DEBUG;
				SWIFT_OPTIMIZATION_LEVEL = "-Onone";
			};
			name = Debug;
		};
		085BC5EF298929A80029F2C4 /* Release */ = {
			isa = XCBuildConfiguration;
			buildSettings = {
				ALWAYS_SEARCH_USER_PATHS = NO;
				CLANG_ANALYZER_NONNULL = YES;
				CLANG_ANALYZER_NUMBER_OBJECT_CONVERSION = YES_AGGRESSIVE;
				CLANG_CXX_LANGUAGE_STANDARD = "gnu++20";
				CLANG_ENABLE_MODULES = YES;
				CLANG_ENABLE_OBJC_ARC = YES;
				CLANG_ENABLE_OBJC_WEAK = YES;
				CLANG_WARN_BLOCK_CAPTURE_AUTORELEASING = YES;
				CLANG_WARN_BOOL_CONVERSION = YES;
				CLANG_WARN_COMMA = YES;
				CLANG_WARN_CONSTANT_CONVERSION = YES;
				CLANG_WARN_DEPRECATED_OBJC_IMPLEMENTATIONS = YES;
				CLANG_WARN_DIRECT_OBJC_ISA_USAGE = YES_ERROR;
				CLANG_WARN_DOCUMENTATION_COMMENTS = YES;
				CLANG_WARN_EMPTY_BODY = YES;
				CLANG_WARN_ENUM_CONVERSION = YES;
				CLANG_WARN_INFINITE_RECURSION = YES;
				CLANG_WARN_INT_CONVERSION = YES;
				CLANG_WARN_NON_LITERAL_NULL_CONVERSION = YES;
				CLANG_WARN_OBJC_IMPLICIT_RETAIN_SELF = YES;
				CLANG_WARN_OBJC_LITERAL_CONVERSION = YES;
				CLANG_WARN_OBJC_ROOT_CLASS = YES_ERROR;
				CLANG_WARN_QUOTED_INCLUDE_IN_FRAMEWORK_HEADER = YES;
				CLANG_WARN_RANGE_LOOP_ANALYSIS = YES;
				CLANG_WARN_STRICT_PROTOTYPES = YES;
				CLANG_WARN_SUSPICIOUS_MOVE = YES;
				CLANG_WARN_UNGUARDED_AVAILABILITY = YES_AGGRESSIVE;
				CLANG_WARN_UNREACHABLE_CODE = YES;
				CLANG_WARN__DUPLICATE_METHOD_MATCH = YES;
				COPY_PHASE_STRIP = NO;
				DEBUG_INFORMATION_FORMAT = "dwarf-with-dsym";
				ENABLE_NS_ASSERTIONS = NO;
				ENABLE_STRICT_OBJC_MSGSEND = YES;
				GCC_C_LANGUAGE_STANDARD = gnu11;
				GCC_NO_COMMON_BLOCKS = YES;
				GCC_WARN_64_TO_32_BIT_CONVERSION = YES;
				GCC_WARN_ABOUT_RETURN_TYPE = YES_ERROR;
				GCC_WARN_UNDECLARED_SELECTOR = YES;
				GCC_WARN_UNINITIALIZED_AUTOS = YES_AGGRESSIVE;
				GCC_WARN_UNUSED_FUNCTION = YES;
				GCC_WARN_UNUSED_VARIABLE = YES;
				IPHONEOS_DEPLOYMENT_TARGET = 16.2;
				MTL_ENABLE_DEBUG_INFO = NO;
				MTL_FAST_MATH = YES;
				SDKROOT = iphoneos;
				SWIFT_COMPILATION_MODE = wholemodule;
				SWIFT_OPTIMIZATION_LEVEL = "-O";
				VALIDATE_PRODUCT = YES;
			};
			name = Release;
		};
		085BC5F1298929A80029F2C4 /* Debug */ = {
			isa = XCBuildConfiguration;
			buildSettings = {
				ASSETCATALOG_COMPILER_APPICON_NAME = AppIcon;
				ASSETCATALOG_COMPILER_GLOBAL_ACCENT_COLOR_NAME = AccentColor;
				CODE_SIGN_STYLE = Automatic;
				CURRENT_PROJECT_VERSION = 1;
				GENERATE_INFOPLIST_FILE = YES;
				INFOPLIST_FILE = "bdd ios project/Info.plist";
				INFOPLIST_KEY_UIApplicationSupportsIndirectInputEvents = YES;
				INFOPLIST_KEY_UILaunchStoryboardName = LaunchScreen;
				INFOPLIST_KEY_UIMainStoryboardFile = Main;
				INFOPLIST_KEY_UISupportedInterfaceOrientations_iPad = "UIInterfaceOrientationPortrait UIInterfaceOrientationPortraitUpsideDown UIInterfaceOrientationLandscapeLeft UIInterfaceOrientationLandscapeRight";
				INFOPLIST_KEY_UISupportedInterfaceOrientations_iPhone = "UIInterfaceOrientationPortrait UIInterfaceOrientationLandscapeLeft UIInterfaceOrientationLandscapeRight";
				LD_RUNPATH_SEARCH_PATHS = (
					"$(inherited)",
					"@executable_path/Frameworks",
				);
				MARKETING_VERSION = 1.0;
				PRODUCT_BUNDLE_IDENTIFIER = "com.iutlyon1.bdd-ios-project";
				PRODUCT_NAME = "$(TARGET_NAME)";
				SWIFT_EMIT_LOC_STRINGS = YES;
				SWIFT_VERSION = 5.0;
				TARGETED_DEVICE_FAMILY = "1,2";
			};
			name = Debug;
		};
		085BC5F2298929A80029F2C4 /* Release */ = {
			isa = XCBuildConfiguration;
			buildSettings = {
				ASSETCATALOG_COMPILER_APPICON_NAME = AppIcon;
				ASSETCATALOG_COMPILER_GLOBAL_ACCENT_COLOR_NAME = AccentColor;
				CODE_SIGN_STYLE = Automatic;
				CURRENT_PROJECT_VERSION = 1;
				GENERATE_INFOPLIST_FILE = YES;
				INFOPLIST_FILE = "bdd ios project/Info.plist";
				INFOPLIST_KEY_UIApplicationSupportsIndirectInputEvents = YES;
				INFOPLIST_KEY_UILaunchStoryboardName = LaunchScreen;
				INFOPLIST_KEY_UIMainStoryboardFile = Main;
				INFOPLIST_KEY_UISupportedInterfaceOrientations_iPad = "UIInterfaceOrientationPortrait UIInterfaceOrientationPortraitUpsideDown UIInterfaceOrientationLandscapeLeft UIInterfaceOrientationLandscapeRight";
				INFOPLIST_KEY_UISupportedInterfaceOrientations_iPhone = "UIInterfaceOrientationPortrait UIInterfaceOrientationLandscapeLeft UIInterfaceOrientationLandscapeRight";
				LD_RUNPATH_SEARCH_PATHS = (
					"$(inherited)",
					"@executable_path/Frameworks",
				);
				MARKETING_VERSION = 1.0;
				PRODUCT_BUNDLE_IDENTIFIER = "com.iutlyon1.bdd-ios-project";
				PRODUCT_NAME = "$(TARGET_NAME)";
				SWIFT_EMIT_LOC_STRINGS = YES;
				SWIFT_VERSION = 5.0;
				TARGETED_DEVICE_FAMILY = "1,2";
			};
			name = Release;
		};
/* End XCBuildConfiguration section */

/* Begin XCConfigurationList section */
		085BC5D4298929A70029F2C4 /* Build configuration list for PBXProject "bdd ios project" */ = {
			isa = XCConfigurationList;
			buildConfigurations = (
				085BC5EE298929A80029F2C4 /* Debug */,
				085BC5EF298929A80029F2C4 /* Release */,
			);
			defaultConfigurationIsVisible = 0;
			defaultConfigurationName = Release;
		};
		085BC5F0298929A80029F2C4 /* Build configuration list for PBXNativeTarget "bdd ios project" */ = {
			isa = XCConfigurationList;
			buildConfigurations = (
				085BC5F1298929A80029F2C4 /* Debug */,
				085BC5F2298929A80029F2C4 /* Release */,
			);
			defaultConfigurationIsVisible = 0;
			defaultConfigurationName = Release;
		};
/* End XCConfigurationList section */

/* Begin XCVersionGroup section */
		085BC5E5298929A70029F2C4 /* bdd_ios_project.xcdatamodeld */ = {
			isa = XCVersionGroup;
			children = (
				085BC5E6298929A70029F2C4 /* bdd_ios_project.xcdatamodel */,
			);
			currentVersion = 085BC5E6298929A70029F2C4 /* bdd_ios_project.xcdatamodel */;
			path = bdd_ios_project.xcdatamodeld;
			sourceTree = "<group>";
			versionGroupType = wrapper.xcdatamodel;
		};
/* End XCVersionGroup section */
	};
	rootObject = 085BC5D1298929A70029F2C4 /* Project object */;
}
